// !$*UTF8*$!
{
	archiveVersion = 1;
	classes = {
	};
	objectVersion = 77;
	objects = {

/* Begin PBXBuildFile section */
		DD2233445566778899AA0005 /* VideoStorageService.swift in Sources */ = {isa = PBXBuildFile; fileRef = CC2233445566778899AA0005 /* VideoStorageService.swift */; };
		DD2233445566778899AA0006 /* VideoPickerView.swift in Sources */ = {isa = PBXBuildFile; fileRef = CC2233445566778899AA0006 /* VideoPickerView.swift */; };
		DD2233445566778899AA0007 /* VideoAttachmentSheet.swift in Sources */ = {isa = PBXBuildFile; fileRef = CC2233445566778899AA0007 /* VideoAttachmentSheet.swift */; };
		DD2233445566778899AA0008 /* VideoPlayerView.swift in Sources */ = {isa = PBXBuildFile; fileRef = CC2233445566778899AA0008 /* VideoPlayerView.swift */; };
		BB1122334455667788990011 /* AudioRecorderService.swift in Sources */ = {isa = PBXBuildFile; fileRef = AA1122334455667788990011 /* AudioRecorderService.swift */; };
		BB1122334455667788990022 /* AudioPlayerService.swift in Sources */ = {isa = PBXBuildFile; fileRef = AA1122334455667788990022 /* AudioPlayerService.swift */; };
		BB1122334455667788990033 /* VoiceNoteRecordSheet.swift in Sources */ = {isa = PBXBuildFile; fileRef = AA1122334455667788990033 /* VoiceNoteRecordSheet.swift */; };
		BB1122334455667788990044 /* VoiceNotePlayerView.swift in Sources */ = {isa = PBXBuildFile; fileRef = AA1122334455667788990044 /* VoiceNotePlayerView.swift */; };
		0C0C3D99022F0B87CD5FCF50 /* SettingsView.swift in Sources */ = {isa = PBXBuildFile; fileRef = A8195FF2AC4D4715DE367914 /* SettingsView.swift */; };
		0F988D44FF442B5538405218 /* ShareViewController.swift in Sources */ = {isa = PBXBuildFile; fileRef = 883FDE84D7B7AFF219379886 /* ShareViewController.swift */; };
		CC11DD22EE33FF44AA55BB66 /* RiffitTheme.swift in Sources */ = {isa = PBXBuildFile; fileRef = DD22EE33FF44AA55BB66CC77 /* RiffitTheme.swift */; };
		1457C7442AEBE91EBD705812 /* SocialConnectView.swift in Sources */ = {isa = PBXBuildFile; fileRef = DD4C85A1CB41022805ABBEF8 /* SocialConnectView.swift */; };
		1D8795CEF94FF6F9816E2E99 /* RiffitApp.swift in Sources */ = {isa = PBXBuildFile; fileRef = 6E3E18E921EEEEA4A1811D08 /* RiffitApp.swift */; };
		287C3C14CE2B464B9A70AE9F /* LibraryViewModel.swift in Sources */ = {isa = PBXBuildFile; fileRef = DCFFDEC95DDE5AEC083E6F70 /* LibraryViewModel.swift */; };
		29C9C1D91AB28A226E97D479 /* AlignmentBadge.swift in Sources */ = {isa = PBXBuildFile; fileRef = 56E53779A8DB0EA398AA19B8 /* AlignmentBadge.swift */; };
		33B2A22A9DF6F87AA22A444A /* StorybankViewModel.swift in Sources */ = {isa = PBXBuildFile; fileRef = 2B41C262581B8EBD33B6C7DA /* StorybankViewModel.swift */; };
		3630990DBB8E9773F3C77176 /* RiffitButton.swift in Sources */ = {isa = PBXBuildFile; fileRef = 00798CA0356C2C648DDE4C3E /* RiffitButton.swift */; };
		38025785851FC11D5C7D7363 /* View+Riffit.swift in Sources */ = {isa = PBXBuildFile; fileRef = B58725C9ED0FE78FCE0F9095 /* View+Riffit.swift */; };
		50A859AC41E5825A09C91848 /* AuthViewModel.swift in Sources */ = {isa = PBXBuildFile; fileRef = A3782FCAF634A66428418A55 /* AuthViewModel.swift */; };
		6C3D2A41DDA79F34C993841A /* LibraryView.swift in Sources */ = {isa = PBXBuildFile; fileRef = D4A7A5B5B7C509A2567B9D16 /* LibraryView.swift */; };
		6CE9EEEBF6BE9C4ED91F26D5 /* OnboardingViewModel.swift in Sources */ = {isa = PBXBuildFile; fileRef = 155EA98817C649A20CD8E5F4 /* OnboardingViewModel.swift */; };
		6DB2A4329A66AE33E8FE6DBE /* EdgeFunctions.swift in Sources */ = {isa = PBXBuildFile; fileRef = A86F3E7E51DB992CF83A1068 /* EdgeFunctions.swift */; };
		769804D0DE5A9805163BA285 /* User.swift in Sources */ = {isa = PBXBuildFile; fileRef = 069D025481ECE0A021008223 /* User.swift */; };
		7B6D204828FF0C3D95AEAE7D /* CreatorProfile.swift in Sources */ = {isa = PBXBuildFile; fileRef = 8EC6D4A31D986A071BB299DA /* CreatorProfile.swift */; };
		866E2C53DAAE77C4E2E2FE58 /* IdeaFolder.swift in Sources */ = {isa = PBXBuildFile; fileRef = 87FFBFAE84C6515F34CC9962 /* IdeaFolder.swift */; };
		A1B2C3D4E5F6A7B8C9D0E1F2 /* IdeaComment.swift in Sources */ = {isa = PBXBuildFile; fileRef = F1E2D3C4B5A6978869504132 /* IdeaComment.swift */; };
		87B9263868DA552843455709 /* AppState.swift in Sources */ = {isa = PBXBuildFile; fileRef = 08D17B3D22B4EF12F4E471B3 /* AppState.swift */; };
		8E3A4800EBBB878393D505EE /* InspirationDetailView.swift in Sources */ = {isa = PBXBuildFile; fileRef = 126DFD1BB604F005D6E78DD2 /* InspirationDetailView.swift */; };
		966ADE41C3669EC80245EF74 /* AddInspirationView.swift in Sources */ = {isa = PBXBuildFile; fileRef = FB7AE2E5C30E70F6F15FA681 /* AddInspirationView.swift */; };
		982C803AC22F1CE18BFBDABC /* AuthView.swift in Sources */ = {isa = PBXBuildFile; fileRef = 98851F6A343B7A67BC0CFB22 /* AuthView.swift */; };
		9C47B39C28A1DDB46B0AB535 /* LoadingOverlay.swift in Sources */ = {isa = PBXBuildFile; fileRef = 1120BC2824BE7C4619C6A84D /* LoadingOverlay.swift */; };
		A26B8432B3C1BBC837F10417 /* InterviewView.swift in Sources */ = {isa = PBXBuildFile; fileRef = 0C8324F7E1E52BBC5D8F498B /* InterviewView.swift */; };
		ADEFD9559A7199A784AA3C3B /* VideoDeconstruction.swift in Sources */ = {isa = PBXBuildFile; fileRef = BA88E5355C855A2C69D50BD4 /* VideoDeconstruction.swift */; };
		B0AE71E45D4098C325AC7EBA /* CreatorTypeView.swift in Sources */ = {isa = PBXBuildFile; fileRef = C629D838BA4CD611A819F8B7 /* CreatorTypeView.swift */; };
		BD30DA85B13097342CF6A12B /* FolderDetailView.swift in Sources */ = {isa = PBXBuildFile; fileRef = 698DD03AD3E62BF69020BE35 /* FolderDetailView.swift */; };
		C40DAFF1CE73611699B384F9 /* MainTabView.swift in Sources */ = {isa = PBXBuildFile; fileRef = 2AF98CEE92E42C689BCCC586 /* MainTabView.swift */; };
		C1A2B3C4D5E6F7081920A1B2 /* Story.swift in Sources */ = {isa = PBXBuildFile; fileRef = D1E2F3A4B5C6D7E8F9001122 /* Story.swift */; };
		C6D7E8F9A0B1C2D3E4F5A6B7 /* AssetSection.swift in Sources */ = {isa = PBXBuildFile; fileRef = A5B6C7D8E9F0A1B2C3D4E5F6 /* AssetSection.swift */; };
		C2B3C4D5E6F7A8B9C0D1E2F3 /* StoryAsset.swift in Sources */ = {isa = PBXBuildFile; fileRef = E2F3A4B5C6D7E8F9A0B1C2D3 /* StoryAsset.swift */; };
		C3D4E5F6A7B8C9D0E1F2A3B4 /* StoryReference.swift in Sources */ = {isa = PBXBuildFile; fileRef = F3A4B5C6D7E8F9A0B1C2D3E4 /* StoryReference.swift */; };
		C4E5F6A7B8C9D0E1F2A3B4C5 /* StoryDetailView.swift in Sources */ = {isa = PBXBuildFile; fileRef = A4B5C6D7E8F9A0B1C2D3E4F5 /* StoryDetailView.swift */; };
		C5F6A7B8C9D0E1F2A3B4C5D6 /* AddReferenceView.swift in Sources */ = {isa = PBXBuildFile; fileRef = B5C6D7E8F9A0B1C2D3E4F5A6 /* AddReferenceView.swift */; };
		CDE2A83B109C665317A81E7D /* StorybankView.swift in Sources */ = {isa = PBXBuildFile; fileRef = 81284910A3F4946E96B3848F /* StorybankView.swift */; };
		D3749D5D3757E22BA0FAD5D2 /* RiffitColors.swift in Sources */ = {isa = PBXBuildFile; fileRef = C6DF108017C95F089FE41062 /* RiffitColors.swift */; };
		D4091E523966B81A323E69E4 /* OnboardingView.swift in Sources */ = {isa = PBXBuildFile; fileRef = 4FB41979B81A76CDE5AD2DE7 /* OnboardingView.swift */; };
		D4BC846EA6A4FDA4401C7C61 /* SupabaseClient.swift in Sources */ = {isa = PBXBuildFile; fileRef = C331D67A598E886C2D59CCF9 /* SupabaseClient.swift */; };
		DF48443B30025D9BD77DD5C9 /* InspirationVideo.swift in Sources */ = {isa = PBXBuildFile; fileRef = 94E92F222108A8604D2B7ECA /* InspirationVideo.swift */; };
		EC3E4AA1FEA733730E864EC8 /* Assets.xcassets in Resources */ = {isa = PBXBuildFile; fileRef = 602FE9C75CD489434CB43DCB /* Assets.xcassets */; };
		8B2C3D4E5F6A7B8C9D0E1F2A /* FlowLayout.swift in Sources */ = {isa = PBXBuildFile; fileRef = 7A1B2C3D4E5F6A7B8C9D0E1F /* FlowLayout.swift */; };
		FAFA3855208C106A4A4E2E5A /* InspirationCard.swift in Sources */ = {isa = PBXBuildFile; fileRef = B51C570A8060A401A8F4AE96 /* InspirationCard.swift */; };
		5A6B7C8D9E0F1A2B3C4D5E6F /* StoryFolder.swift in Sources */ = {isa = PBXBuildFile; fileRef = 6B7C8D9E0F1A2B3C4D5E6F7A /* StoryFolder.swift */; };
		D5E6F7A8B9C0D1E2F3A4B5C6 /* RiffitWordmark.swift in Sources */ = {isa = PBXBuildFile; fileRef = E6F7A8B9C0D1E2F3A4B5C6D7 /* RiffitWordmark.swift */; };
		F7A8B9C0D1E2F3A4B5C6D7E8 /* LaunchScreen.storyboard in Resources */ = {isa = PBXBuildFile; fileRef = A8B9C0D1E2F3A4B5C6D7E8F9 /* LaunchScreen.storyboard */; };
		AA11BB22CC33DD44EE55FF01 /* Lora-Regular.ttf in Resources */ = {isa = PBXBuildFile; fileRef = AA11BB22CC33DD44EE55FF11 /* Lora-Regular.ttf */; };
		BB22CC33DD44EE55FF660101 /* Lora-Medium.ttf in Resources */ = {isa = PBXBuildFile; fileRef = BB22CC33DD44EE55FF661111 /* Lora-Medium.ttf */; };
		BB22CC33DD44EE55FF660102 /* Lora-Bold.ttf in Resources */ = {isa = PBXBuildFile; fileRef = BB22CC33DD44EE55FF661112 /* Lora-Bold.ttf */; };
		BB22CC33DD44EE55FF660103 /* Lora-Italic.ttf in Resources */ = {isa = PBXBuildFile; fileRef = BB22CC33DD44EE55FF661113 /* Lora-Italic.ttf */; };
		AA11BB22CC33DD44EE55FF02 /* DMSans-Light.ttf in Resources */ = {isa = PBXBuildFile; fileRef = AA11BB22CC33DD44EE55FF12 /* DMSans-Light.ttf */; };
		AA11BB22CC33DD44EE55FF03 /* DMSans-Regular.ttf in Resources */ = {isa = PBXBuildFile; fileRef = AA11BB22CC33DD44EE55FF13 /* DMSans-Regular.ttf */; };
		AA11BB22CC33DD44EE55FF04 /* DMSans-Medium.ttf in Resources */ = {isa = PBXBuildFile; fileRef = AA11BB22CC33DD44EE55FF14 /* DMSans-Medium.ttf */; };
		DD2233445566778899AA0001 /* ImageStorageService.swift in Sources */ = {isa = PBXBuildFile; fileRef = CC2233445566778899AA0001 /* ImageStorageService.swift */; };
		DD2233445566778899AA0002 /* CameraPickerView.swift in Sources */ = {isa = PBXBuildFile; fileRef = CC2233445566778899AA0002 /* CameraPickerView.swift */; };
		DD2233445566778899AA0003 /* ImageAttachmentSheet.swift in Sources */ = {isa = PBXBuildFile; fileRef = CC2233445566778899AA0003 /* ImageAttachmentSheet.swift */; };
		DD2233445566778899AA0004 /* ImageViewerView.swift in Sources */ = {isa = PBXBuildFile; fileRef = CC2233445566778899AA0004 /* ImageViewerView.swift */; };
/* End PBXBuildFile section */

/* Begin PBXContainerItemProxy section */
		1E2404391E4712129C2622B3 /* PBXContainerItemProxy */ = {
			isa = PBXContainerItemProxy;
			containerPortal = 5F548075DD7BC7FC0FD7E13C /* Project object */;
			proxyType = 1;
			remoteGlobalIDString = 66B5AA5529EE20CD8AF4E388;
			remoteInfo = Riffit;
		};
/* End PBXContainerItemProxy section */

/* Begin PBXFileReference section */
		CC2233445566778899AA0005 /* VideoStorageService.swift */ = {isa = PBXFileReference; lastKnownFileType = sourcecode.swift; path = VideoStorageService.swift; sourceTree = "<group>"; };
		CC2233445566778899AA0006 /* VideoPickerView.swift */ = {isa = PBXFileReference; lastKnownFileType = sourcecode.swift; path = VideoPickerView.swift; sourceTree = "<group>"; };
		CC2233445566778899AA0007 /* VideoAttachmentSheet.swift */ = {isa = PBXFileReference; lastKnownFileType = sourcecode.swift; path = VideoAttachmentSheet.swift; sourceTree = "<group>"; };
		CC2233445566778899AA0008 /* VideoPlayerView.swift */ = {isa = PBXFileReference; lastKnownFileType = sourcecode.swift; path = VideoPlayerView.swift; sourceTree = "<group>"; };
		AA1122334455667788990011 /* AudioRecorderService.swift */ = {isa = PBXFileReference; lastKnownFileType = sourcecode.swift; path = AudioRecorderService.swift; sourceTree = "<group>"; };
		AA1122334455667788990022 /* AudioPlayerService.swift */ = {isa = PBXFileReference; lastKnownFileType = sourcecode.swift; path = AudioPlayerService.swift; sourceTree = "<group>"; };
		AA1122334455667788990033 /* VoiceNoteRecordSheet.swift */ = {isa = PBXFileReference; lastKnownFileType = sourcecode.swift; path = VoiceNoteRecordSheet.swift; sourceTree = "<group>"; };
		AA1122334455667788990044 /* VoiceNotePlayerView.swift */ = {isa = PBXFileReference; lastKnownFileType = sourcecode.swift; path = VoiceNotePlayerView.swift; sourceTree = "<group>"; };
		00798CA0356C2C648DDE4C3E /* RiffitButton.swift */ = {isa = PBXFileReference; lastKnownFileType = sourcecode.swift; path = RiffitButton.swift; sourceTree = "<group>"; };
		A5B6C7D8E9F0A1B2C3D4E5F6 /* AssetSection.swift */ = {isa = PBXFileReference; lastKnownFileType = sourcecode.swift; path = AssetSection.swift; sourceTree = "<group>"; };
		069D025481ECE0A021008223 /* User.swift */ = {isa = PBXFileReference; lastKnownFileType = sourcecode.swift; path = User.swift; sourceTree = "<group>"; };
		08D17B3D22B4EF12F4E471B3 /* AppState.swift */ = {isa = PBXFileReference; lastKnownFileType = sourcecode.swift; path = AppState.swift; sourceTree = "<group>"; };
		0C8324F7E1E52BBC5D8F498B /* InterviewView.swift */ = {isa = PBXFileReference; lastKnownFileType = sourcecode.swift; path = InterviewView.swift; sourceTree = "<group>"; };
		DD22EE33FF44AA55BB66CC77 /* RiffitTheme.swift */ = {isa = PBXFileReference; lastKnownFileType = sourcecode.swift; path = RiffitTheme.swift; sourceTree = "<group>"; };
		1120BC2824BE7C4619C6A84D /* LoadingOverlay.swift */ = {isa = PBXFileReference; lastKnownFileType = sourcecode.swift; path = LoadingOverlay.swift; sourceTree = "<group>"; };
		126DFD1BB604F005D6E78DD2 /* InspirationDetailView.swift */ = {isa = PBXFileReference; lastKnownFileType = sourcecode.swift; path = InspirationDetailView.swift; sourceTree = "<group>"; };
		155EA98817C649A20CD8E5F4 /* OnboardingViewModel.swift */ = {isa = PBXFileReference; lastKnownFileType = sourcecode.swift; path = OnboardingViewModel.swift; sourceTree = "<group>"; };
		2AF98CEE92E42C689BCCC586 /* MainTabView.swift */ = {isa = PBXFileReference; lastKnownFileType = sourcecode.swift; path = MainTabView.swift; sourceTree = "<group>"; };
		2B41C262581B8EBD33B6C7DA /* StorybankViewModel.swift */ = {isa = PBXFileReference; lastKnownFileType = sourcecode.swift; path = StorybankViewModel.swift; sourceTree = "<group>"; };
		4027999F98DCDFF7F026A771 /* Riffit.app */ = {isa = PBXFileReference; includeInIndex = 0; lastKnownFileType = wrapper.application; path = Riffit.app; sourceTree = BUILT_PRODUCTS_DIR; };
		4FB41979B81A76CDE5AD2DE7 /* OnboardingView.swift */ = {isa = PBXFileReference; lastKnownFileType = sourcecode.swift; path = OnboardingView.swift; sourceTree = "<group>"; };
		56E53779A8DB0EA398AA19B8 /* AlignmentBadge.swift */ = {isa = PBXFileReference; lastKnownFileType = sourcecode.swift; path = AlignmentBadge.swift; sourceTree = "<group>"; };
		602FE9C75CD489434CB43DCB /* Assets.xcassets */ = {isa = PBXFileReference; lastKnownFileType = folder.assetcatalog; path = Assets.xcassets; sourceTree = "<group>"; };
		7A1B2C3D4E5F6A7B8C9D0E1F /* FlowLayout.swift */ = {isa = PBXFileReference; lastKnownFileType = sourcecode.swift; path = FlowLayout.swift; sourceTree = "<group>"; };
		698DD03AD3E62BF69020BE35 /* FolderDetailView.swift */ = {isa = PBXFileReference; lastKnownFileType = sourcecode.swift; path = FolderDetailView.swift; sourceTree = "<group>"; };
		6E3E18E921EEEEA4A1811D08 /* RiffitApp.swift */ = {isa = PBXFileReference; lastKnownFileType = sourcecode.swift; path = RiffitApp.swift; sourceTree = "<group>"; };
		74BF15650DD68A5F9E878EEB /* RiffitShare.appex */ = {isa = PBXFileReference; includeInIndex = 0; lastKnownFileType = "wrapper.app-extension"; path = RiffitShare.appex; sourceTree = BUILT_PRODUCTS_DIR; };
		81284910A3F4946E96B3848F /* StorybankView.swift */ = {isa = PBXFileReference; lastKnownFileType = sourcecode.swift; path = StorybankView.swift; sourceTree = "<group>"; };
		87FFBFAE84C6515F34CC9962 /* IdeaFolder.swift */ = {isa = PBXFileReference; lastKnownFileType = sourcecode.swift; path = IdeaFolder.swift; sourceTree = "<group>"; };
		F1E2D3C4B5A6978869504132 /* IdeaComment.swift */ = {isa = PBXFileReference; lastKnownFileType = sourcecode.swift; path = IdeaComment.swift; sourceTree = "<group>"; };
		883FDE84D7B7AFF219379886 /* ShareViewController.swift */ = {isa = PBXFileReference; lastKnownFileType = sourcecode.swift; path = ShareViewController.swift; sourceTree = "<group>"; };
		8EC6D4A31D986A071BB299DA /* CreatorProfile.swift */ = {isa = PBXFileReference; lastKnownFileType = sourcecode.swift; path = CreatorProfile.swift; sourceTree = "<group>"; };
		94E92F222108A8604D2B7ECA /* InspirationVideo.swift */ = {isa = PBXFileReference; lastKnownFileType = sourcecode.swift; path = InspirationVideo.swift; sourceTree = "<group>"; };
		D1E2F3A4B5C6D7E8F9001122 /* Story.swift */ = {isa = PBXFileReference; lastKnownFileType = sourcecode.swift; path = Story.swift; sourceTree = "<group>"; };
		6B7C8D9E0F1A2B3C4D5E6F7A /* StoryFolder.swift */ = {isa = PBXFileReference; lastKnownFileType = sourcecode.swift; path = StoryFolder.swift; sourceTree = "<group>"; };
		E2F3A4B5C6D7E8F9A0B1C2D3 /* StoryAsset.swift */ = {isa = PBXFileReference; lastKnownFileType = sourcecode.swift; path = StoryAsset.swift; sourceTree = "<group>"; };
		F3A4B5C6D7E8F9A0B1C2D3E4 /* StoryReference.swift */ = {isa = PBXFileReference; lastKnownFileType = sourcecode.swift; path = StoryReference.swift; sourceTree = "<group>"; };
		A4B5C6D7E8F9A0B1C2D3E4F5 /* StoryDetailView.swift */ = {isa = PBXFileReference; lastKnownFileType = sourcecode.swift; path = StoryDetailView.swift; sourceTree = "<group>"; };
		B5C6D7E8F9A0B1C2D3E4F5A6 /* AddReferenceView.swift */ = {isa = PBXFileReference; lastKnownFileType = sourcecode.swift; path = AddReferenceView.swift; sourceTree = "<group>"; };
		98851F6A343B7A67BC0CFB22 /* AuthView.swift */ = {isa = PBXFileReference; lastKnownFileType = sourcecode.swift; path = AuthView.swift; sourceTree = "<group>"; };
		A3782FCAF634A66428418A55 /* AuthViewModel.swift */ = {isa = PBXFileReference; lastKnownFileType = sourcecode.swift; path = AuthViewModel.swift; sourceTree = "<group>"; };
		A8195FF2AC4D4715DE367914 /* SettingsView.swift */ = {isa = PBXFileReference; lastKnownFileType = sourcecode.swift; path = SettingsView.swift; sourceTree = "<group>"; };
		A86F3E7E51DB992CF83A1068 /* EdgeFunctions.swift */ = {isa = PBXFileReference; lastKnownFileType = sourcecode.swift; path = EdgeFunctions.swift; sourceTree = "<group>"; };
		B51C570A8060A401A8F4AE96 /* InspirationCard.swift */ = {isa = PBXFileReference; lastKnownFileType = sourcecode.swift; path = InspirationCard.swift; sourceTree = "<group>"; };
		B58725C9ED0FE78FCE0F9095 /* View+Riffit.swift */ = {isa = PBXFileReference; lastKnownFileType = sourcecode.swift; path = "View+Riffit.swift"; sourceTree = "<group>"; };
		BA88E5355C855A2C69D50BD4 /* VideoDeconstruction.swift */ = {isa = PBXFileReference; lastKnownFileType = sourcecode.swift; path = VideoDeconstruction.swift; sourceTree = "<group>"; };
		C331D67A598E886C2D59CCF9 /* SupabaseClient.swift */ = {isa = PBXFileReference; lastKnownFileType = sourcecode.swift; path = SupabaseClient.swift; sourceTree = "<group>"; };
		C629D838BA4CD611A819F8B7 /* CreatorTypeView.swift */ = {isa = PBXFileReference; lastKnownFileType = sourcecode.swift; path = CreatorTypeView.swift; sourceTree = "<group>"; };
		C6DF108017C95F089FE41062 /* RiffitColors.swift */ = {isa = PBXFileReference; lastKnownFileType = sourcecode.swift; path = RiffitColors.swift; sourceTree = "<group>"; };
		D4A7A5B5B7C509A2567B9D16 /* LibraryView.swift */ = {isa = PBXFileReference; lastKnownFileType = sourcecode.swift; path = LibraryView.swift; sourceTree = "<group>"; };
		DCFFDEC95DDE5AEC083E6F70 /* LibraryViewModel.swift */ = {isa = PBXFileReference; lastKnownFileType = sourcecode.swift; path = LibraryViewModel.swift; sourceTree = "<group>"; };
		DD4C85A1CB41022805ABBEF8 /* SocialConnectView.swift */ = {isa = PBXFileReference; lastKnownFileType = sourcecode.swift; path = SocialConnectView.swift; sourceTree = "<group>"; };
		FB7AE2E5C30E70F6F15FA681 /* AddInspirationView.swift */ = {isa = PBXFileReference; lastKnownFileType = sourcecode.swift; path = AddInspirationView.swift; sourceTree = "<group>"; };
		E6F7A8B9C0D1E2F3A4B5C6D7 /* RiffitWordmark.swift */ = {isa = PBXFileReference; lastKnownFileType = sourcecode.swift; path = RiffitWordmark.swift; sourceTree = "<group>"; };
		A8B9C0D1E2F3A4B5C6D7E8F9 /* LaunchScreen.storyboard */ = {isa = PBXFileReference; lastKnownFileType = file.storyboard; path = LaunchScreen.storyboard; sourceTree = "<group>"; };
		AA11BB22CC33DD44EE55FF11 /* Lora-Regular.ttf */ = {isa = PBXFileReference; lastKnownFileType = file; path = "Lora-Regular.ttf"; sourceTree = "<group>"; };
		BB22CC33DD44EE55FF661111 /* Lora-Medium.ttf */ = {isa = PBXFileReference; lastKnownFileType = file; path = "Lora-Medium.ttf"; sourceTree = "<group>"; };
		BB22CC33DD44EE55FF661112 /* Lora-Bold.ttf */ = {isa = PBXFileReference; lastKnownFileType = file; path = "Lora-Bold.ttf"; sourceTree = "<group>"; };
		BB22CC33DD44EE55FF661113 /* Lora-Italic.ttf */ = {isa = PBXFileReference; lastKnownFileType = file; path = "Lora-Italic.ttf"; sourceTree = "<group>"; };
		AA11BB22CC33DD44EE55FF12 /* DMSans-Light.ttf */ = {isa = PBXFileReference; lastKnownFileType = file; path = "DMSans-Light.ttf"; sourceTree = "<group>"; };
		AA11BB22CC33DD44EE55FF13 /* DMSans-Regular.ttf */ = {isa = PBXFileReference; lastKnownFileType = file; path = "DMSans-Regular.ttf"; sourceTree = "<group>"; };
		AA11BB22CC33DD44EE55FF14 /* DMSans-Medium.ttf */ = {isa = PBXFileReference; lastKnownFileType = file; path = "DMSans-Medium.ttf"; sourceTree = "<group>"; };
		AA11BB22CC33DD44EE55FF15 /* Info.plist */ = {isa = PBXFileReference; lastKnownFileType = text.plist.xml; path = Info.plist; sourceTree = "<group>"; };
		CC2233445566778899AA0001 /* ImageStorageService.swift */ = {isa = PBXFileReference; lastKnownFileType = sourcecode.swift; path = ImageStorageService.swift; sourceTree = "<group>"; };
		CC2233445566778899AA0002 /* CameraPickerView.swift */ = {isa = PBXFileReference; lastKnownFileType = sourcecode.swift; path = CameraPickerView.swift; sourceTree = "<group>"; };
		CC2233445566778899AA0003 /* ImageAttachmentSheet.swift */ = {isa = PBXFileReference; lastKnownFileType = sourcecode.swift; path = ImageAttachmentSheet.swift; sourceTree = "<group>"; };
		CC2233445566778899AA0004 /* ImageViewerView.swift */ = {isa = PBXFileReference; lastKnownFileType = sourcecode.swift; path = ImageViewerView.swift; sourceTree = "<group>"; };
/* End PBXFileReference section */

/* Begin PBXGroup section */
		0307BCDEF1D79DC3427BE90A /* Riffit */ = {
			isa = PBXGroup;
			children = (
				602FE9C75CD489434CB43DCB /* Assets.xcassets */,
				AA11BB22CC33DD44EE55FF15 /* Info.plist */,
				A8B9C0D1E2F3A4B5C6D7E8F9 /* LaunchScreen.storyboard */,
				B09163DD5F36C00D42047FB2 /* App */,
				3DB2DD298956B95ABE7957D3 /* Components */,
				065217055233F261CCA7764B /* Core */,
				11EAE2C8C8D11ED372751EA2 /* Features */,
				92875288934CF73A7B4F5B8C /* Models */,
				AA11BB22CC33DD44EE55FF20 /* Resources */,
			);
			path = Riffit;
			sourceTree = "<group>";
		};
		065217055233F261CCA7764B /* Core */ = {
			isa = PBXGroup;
			children = (
				CC1122334455667788990011 /* Audio */,
				9D6782E824B393A855E11865 /* Design */,
				EB92633DF792B92AC17D8E26 /* Extensions */,
				CC2233445566778899AA0010 /* Media */,
				8EE7BB60BA50BDF3891C6CA7 /* Network */,
			);
			path = Core;
			sourceTree = "<group>";
		};
		CC2233445566778899AA0010 /* Media */ = {
			isa = PBXGroup;
			children = (
				CC2233445566778899AA0002 /* CameraPickerView.swift */,
				CC2233445566778899AA0001 /* ImageStorageService.swift */,
				CC2233445566778899AA0006 /* VideoPickerView.swift */,
				CC2233445566778899AA0005 /* VideoStorageService.swift */,
			);
			path = Media;
			sourceTree = "<group>";
		};
		CC1122334455667788990011 /* Audio */ = {
			isa = PBXGroup;
			children = (
				AA1122334455667788990022 /* AudioPlayerService.swift */,
				AA1122334455667788990011 /* AudioRecorderService.swift */,
			);
			path = Audio;
			sourceTree = "<group>";
		};
		0802294436D887EFF70F216F /* Products */ = {
			isa = PBXGroup;
			children = (
				4027999F98DCDFF7F026A771 /* Riffit.app */,
				74BF15650DD68A5F9E878EEB /* RiffitShare.appex */,
			);
			name = Products;
			sourceTree = "<group>";
		};
		11EAE2C8C8D11ED372751EA2 /* Features */ = {
			isa = PBXGroup;
			children = (
				937DCF2522404672A815B09F /* Auth */,
				200E6D98A56A0DA34CF32CCB /* Library */,
				19E5B74E04B6B43E528618EC /* Onboarding */,
				BDB44233C99E48229E1E53AD /* Settings */,
				7052D343F2E53FFC8ADB5241 /* Storybank */,
			);
			path = Features;
			sourceTree = "<group>";
		};
		19E5B74E04B6B43E528618EC /* Onboarding */ = {
			isa = PBXGroup;
			children = (
				4FB41979B81A76CDE5AD2DE7 /* OnboardingView.swift */,
				155EA98817C649A20CD8E5F4 /* OnboardingViewModel.swift */,
				98F70ADDB5C5A4C8D449ABC0 /* Steps */,
			);
			path = Onboarding;
			sourceTree = "<group>";
		};
		200E6D98A56A0DA34CF32CCB /* Library */ = {
			isa = PBXGroup;
			children = (
				FB7AE2E5C30E70F6F15FA681 /* AddInspirationView.swift */,
				698DD03AD3E62BF69020BE35 /* FolderDetailView.swift */,
				126DFD1BB604F005D6E78DD2 /* InspirationDetailView.swift */,
				D4A7A5B5B7C509A2567B9D16 /* LibraryView.swift */,
				DCFFDEC95DDE5AEC083E6F70 /* LibraryViewModel.swift */,
			);
			path = Library;
			sourceTree = "<group>";
		};
		3DB2DD298956B95ABE7957D3 /* Components */ = {
			isa = PBXGroup;
			children = (
				56E53779A8DB0EA398AA19B8 /* AlignmentBadge.swift */,
				7A1B2C3D4E5F6A7B8C9D0E1F /* FlowLayout.swift */,
				B51C570A8060A401A8F4AE96 /* InspirationCard.swift */,
				1120BC2824BE7C4619C6A84D /* LoadingOverlay.swift */,
				00798CA0356C2C648DDE4C3E /* RiffitButton.swift */,
				E6F7A8B9C0D1E2F3A4B5C6D7 /* RiffitWordmark.swift */,
			);
			path = Components;
			sourceTree = "<group>";
		};
		7052D343F2E53FFC8ADB5241 /* Storybank */ = {
			isa = PBXGroup;
			children = (
				B5C6D7E8F9A0B1C2D3E4F5A6 /* AddReferenceView.swift */,
				CC2233445566778899AA0003 /* ImageAttachmentSheet.swift */,
				CC2233445566778899AA0004 /* ImageViewerView.swift */,
				81284910A3F4946E96B3848F /* StorybankView.swift */,
				2B41C262581B8EBD33B6C7DA /* StorybankViewModel.swift */,
				A4B5C6D7E8F9A0B1C2D3E4F5 /* StoryDetailView.swift */,
				CC2233445566778899AA0007 /* VideoAttachmentSheet.swift */,
				CC2233445566778899AA0008 /* VideoPlayerView.swift */,
				AA1122334455667788990044 /* VoiceNotePlayerView.swift */,
				AA1122334455667788990033 /* VoiceNoteRecordSheet.swift */,
			);
			path = Storybank;
			sourceTree = "<group>";
		};
		75D52617FEA57AF77CE35188 = {
			isa = PBXGroup;
			children = (
				0307BCDEF1D79DC3427BE90A /* Riffit */,
				7BEE4F8D71336DA2263FD326 /* ShareExtension */,
				0802294436D887EFF70F216F /* Products */,
			);
			sourceTree = "<group>";
		};
		7BEE4F8D71336DA2263FD326 /* ShareExtension */ = {
			isa = PBXGroup;
			children = (
				883FDE84D7B7AFF219379886 /* ShareViewController.swift */,
			);
			name = ShareExtension;
			path = Riffit/ShareExtension;
			sourceTree = "<group>";
		};
		8EE7BB60BA50BDF3891C6CA7 /* Network */ = {
			isa = PBXGroup;
			children = (
				A86F3E7E51DB992CF83A1068 /* EdgeFunctions.swift */,
				C331D67A598E886C2D59CCF9 /* SupabaseClient.swift */,
			);
			path = Network;
			sourceTree = "<group>";
		};
		92875288934CF73A7B4F5B8C /* Models */ = {
			isa = PBXGroup;
			children = (
				A5B6C7D8E9F0A1B2C3D4E5F6 /* AssetSection.swift */,
				8EC6D4A31D986A071BB299DA /* CreatorProfile.swift */,
				F1E2D3C4B5A6978869504132 /* IdeaComment.swift */,
				87FFBFAE84C6515F34CC9962 /* IdeaFolder.swift */,
				94E92F222108A8604D2B7ECA /* InspirationVideo.swift */,
				D1E2F3A4B5C6D7E8F9001122 /* Story.swift */,
				E2F3A4B5C6D7E8F9A0B1C2D3 /* StoryAsset.swift */,
				6B7C8D9E0F1A2B3C4D5E6F7A /* StoryFolder.swift */,
				F3A4B5C6D7E8F9A0B1C2D3E4 /* StoryReference.swift */,
				069D025481ECE0A021008223 /* User.swift */,
				BA88E5355C855A2C69D50BD4 /* VideoDeconstruction.swift */,
			);
			path = Models;
			sourceTree = "<group>";
		};
		937DCF2522404672A815B09F /* Auth */ = {
			isa = PBXGroup;
			children = (
				98851F6A343B7A67BC0CFB22 /* AuthView.swift */,
				A3782FCAF634A66428418A55 /* AuthViewModel.swift */,
			);
			path = Auth;
			sourceTree = "<group>";
		};
		98F70ADDB5C5A4C8D449ABC0 /* Steps */ = {
			isa = PBXGroup;
			children = (
				C629D838BA4CD611A819F8B7 /* CreatorTypeView.swift */,
				0C8324F7E1E52BBC5D8F498B /* InterviewView.swift */,
				DD4C85A1CB41022805ABBEF8 /* SocialConnectView.swift */,
			);
			path = Steps;
			sourceTree = "<group>";
		};
		9D6782E824B393A855E11865 /* Design */ = {
			isa = PBXGroup;
			children = (
				C6DF108017C95F089FE41062 /* RiffitColors.swift */,
				DD22EE33FF44AA55BB66CC77 /* RiffitTheme.swift */,
			);
			path = Design;
			sourceTree = "<group>";
		};
		B09163DD5F36C00D42047FB2 /* App */ = {
			isa = PBXGroup;
			children = (
				08D17B3D22B4EF12F4E471B3 /* AppState.swift */,
				2AF98CEE92E42C689BCCC586 /* MainTabView.swift */,
				6E3E18E921EEEEA4A1811D08 /* RiffitApp.swift */,
			);
			path = App;
			sourceTree = "<group>";
		};
		BDB44233C99E48229E1E53AD /* Settings */ = {
			isa = PBXGroup;
			children = (
				A8195FF2AC4D4715DE367914 /* SettingsView.swift */,
			);
			path = Settings;
			sourceTree = "<group>";
		};
		AA11BB22CC33DD44EE55FF20 /* Resources */ = {
			isa = PBXGroup;
			children = (
				AA11BB22CC33DD44EE55FF21 /* Fonts */,
			);
			path = Resources;
			sourceTree = "<group>";
		};
		AA11BB22CC33DD44EE55FF21 /* Fonts */ = {
			isa = PBXGroup;
			children = (
				AA11BB22CC33DD44EE55FF12 /* DMSans-Light.ttf */,
				AA11BB22CC33DD44EE55FF14 /* DMSans-Medium.ttf */,
				AA11BB22CC33DD44EE55FF13 /* DMSans-Regular.ttf */,
				BB22CC33DD44EE55FF661112 /* Lora-Bold.ttf */,
				BB22CC33DD44EE55FF661113 /* Lora-Italic.ttf */,
				BB22CC33DD44EE55FF661111 /* Lora-Medium.ttf */,
				AA11BB22CC33DD44EE55FF11 /* Lora-Regular.ttf */,
			);
			path = Fonts;
			sourceTree = "<group>";
		};
		EB92633DF792B92AC17D8E26 /* Extensions */ = {
			isa = PBXGroup;
			children = (
				B58725C9ED0FE78FCE0F9095 /* View+Riffit.swift */,
			);
			path = Extensions;
			sourceTree = "<group>";
		};
/* End PBXGroup section */

/* Begin PBXNativeTarget section */
		66B5AA5529EE20CD8AF4E388 /* Riffit */ = {
			isa = PBXNativeTarget;
			buildConfigurationList = F7C7E4859E78D45AD5F0303A /* Build configuration list for PBXNativeTarget "Riffit" */;
			buildPhases = (
				AE0E5E9FBAC88F18E0F5DD0F /* Sources */,
				6F2733D2F6C05885D44571A0 /* Resources */,
			);
			buildRules = (
			);
			dependencies = (
			);
			name = Riffit;
			packageProductDependencies = (
			);
			productName = Riffit;
			productReference = 4027999F98DCDFF7F026A771 /* Riffit.app */;
			productType = "com.apple.product-type.application";
		};
		AB6C36D8DD13E95266350775 /* RiffitShare */ = {
			isa = PBXNativeTarget;
			buildConfigurationList = 28466EA7C1B3ECE886722245 /* Build configuration list for PBXNativeTarget "RiffitShare" */;
			buildPhases = (
				C303500748786B800EDB3F94 /* Sources */,
			);
			buildRules = (
			);
			dependencies = (
				7EBCCB923F9873CA018F0439 /* PBXTargetDependency */,
			);
			name = RiffitShare;
			packageProductDependencies = (
			);
			productName = RiffitShare;
			productReference = 74BF15650DD68A5F9E878EEB /* RiffitShare.appex */;
			productType = "com.apple.product-type.app-extension";
		};
/* End PBXNativeTarget section */

/* Begin PBXProject section */
		5F548075DD7BC7FC0FD7E13C /* Project object */ = {
			isa = PBXProject;
			attributes = {
				BuildIndependentTargetsInParallel = YES;
				LastUpgradeCheck = 1600;
				TargetAttributes = {
					66B5AA5529EE20CD8AF4E388 = {
						DevelopmentTeam = "";
					};
					AB6C36D8DD13E95266350775 = {
						DevelopmentTeam = "";
					};
				};
			};
			buildConfigurationList = 1A464A217C4981ECD306CF3F /* Build configuration list for PBXProject "Riffit" */;
			developmentRegion = en;
			hasScannedForEncodings = 0;
			knownRegions = (
				Base,
				en,
			);
			mainGroup = 75D52617FEA57AF77CE35188;
			minimizedProjectReferenceProxies = 1;
			preferredProjectObjectVersion = 77;
			productRefGroup = 0802294436D887EFF70F216F /* Products */;
			projectDirPath = "";
			projectRoot = "";
			targets = (
				66B5AA5529EE20CD8AF4E388 /* Riffit */,
				AB6C36D8DD13E95266350775 /* RiffitShare */,
			);
		};
/* End PBXProject section */

/* Begin PBXResourcesBuildPhase section */
		6F2733D2F6C05885D44571A0 /* Resources */ = {
			isa = PBXResourcesBuildPhase;
			buildActionMask = 2147483647;
			files = (
				EC3E4AA1FEA733730E864EC8 /* Assets.xcassets in Resources */,
				AA11BB22CC33DD44EE55FF02 /* DMSans-Light.ttf in Resources */,
				AA11BB22CC33DD44EE55FF04 /* DMSans-Medium.ttf in Resources */,
				AA11BB22CC33DD44EE55FF03 /* DMSans-Regular.ttf in Resources */,
				F7A8B9C0D1E2F3A4B5C6D7E8 /* LaunchScreen.storyboard in Resources */,
				AA11BB22CC33DD44EE55FF01 /* Lora-Regular.ttf in Resources */,
				BB22CC33DD44EE55FF660101 /* Lora-Medium.ttf in Resources */,
				BB22CC33DD44EE55FF660102 /* Lora-Bold.ttf in Resources */,
				BB22CC33DD44EE55FF660103 /* Lora-Italic.ttf in Resources */,
			);
			runOnlyForDeploymentPostprocessing = 0;
		};
/* End PBXResourcesBuildPhase section */

/* Begin PBXSourcesBuildPhase section */
		AE0E5E9FBAC88F18E0F5DD0F /* Sources */ = {
			isa = PBXSourcesBuildPhase;
			buildActionMask = 2147483647;
			files = (
				BB1122334455667788990022 /* AudioPlayerService.swift in Sources */,
				BB1122334455667788990011 /* AudioRecorderService.swift in Sources */,
				966ADE41C3669EC80245EF74 /* AddInspirationView.swift in Sources */,
				29C9C1D91AB28A226E97D479 /* AlignmentBadge.swift in Sources */,
				C6D7E8F9A0B1C2D3E4F5A6B7 /* AssetSection.swift in Sources */,
				87B9263868DA552843455709 /* AppState.swift in Sources */,
				982C803AC22F1CE18BFBDABC /* AuthView.swift in Sources */,
				50A859AC41E5825A09C91848 /* AuthViewModel.swift in Sources */,
				7B6D204828FF0C3D95AEAE7D /* CreatorProfile.swift in Sources */,
				B0AE71E45D4098C325AC7EBA /* CreatorTypeView.swift in Sources */,
				6DB2A4329A66AE33E8FE6DBE /* EdgeFunctions.swift in Sources */,
				8B2C3D4E5F6A7B8C9D0E1F2A /* FlowLayout.swift in Sources */,
				BD30DA85B13097342CF6A12B /* FolderDetailView.swift in Sources */,
				A1B2C3D4E5F6A7B8C9D0E1F2 /* IdeaComment.swift in Sources */,
				866E2C53DAAE77C4E2E2FE58 /* IdeaFolder.swift in Sources */,
				FAFA3855208C106A4A4E2E5A /* InspirationCard.swift in Sources */,
				8E3A4800EBBB878393D505EE /* InspirationDetailView.swift in Sources */,
				DF48443B30025D9BD77DD5C9 /* InspirationVideo.swift in Sources */,
				A26B8432B3C1BBC837F10417 /* InterviewView.swift in Sources */,
				6C3D2A41DDA79F34C993841A /* LibraryView.swift in Sources */,
				287C3C14CE2B464B9A70AE9F /* LibraryViewModel.swift in Sources */,
				9C47B39C28A1DDB46B0AB535 /* LoadingOverlay.swift in Sources */,
				C40DAFF1CE73611699B384F9 /* MainTabView.swift in Sources */,
				D4091E523966B81A323E69E4 /* OnboardingView.swift in Sources */,
				6CE9EEEBF6BE9C4ED91F26D5 /* OnboardingViewModel.swift in Sources */,
				1D8795CEF94FF6F9816E2E99 /* RiffitApp.swift in Sources */,
				3630990DBB8E9773F3C77176 /* RiffitButton.swift in Sources */,
				D3749D5D3757E22BA0FAD5D2 /* RiffitColors.swift in Sources */,
				CC11DD22EE33FF44AA55BB66 /* RiffitTheme.swift in Sources */,
				0C0C3D99022F0B87CD5FCF50 /* SettingsView.swift in Sources */,
				1457C7442AEBE91EBD705812 /* SocialConnectView.swift in Sources */,
				C5F6A7B8C9D0E1F2A3B4C5D6 /* AddReferenceView.swift in Sources */,
				C1A2B3C4D5E6F7081920A1B2 /* Story.swift in Sources */,
				C2B3C4D5E6F7A8B9C0D1E2F3 /* StoryAsset.swift in Sources */,
				5A6B7C8D9E0F1A2B3C4D5E6F /* StoryFolder.swift in Sources */,
				C4E5F6A7B8C9D0E1F2A3B4C5 /* StoryDetailView.swift in Sources */,
				C3D4E5F6A7B8C9D0E1F2A3B4 /* StoryReference.swift in Sources */,
				CDE2A83B109C665317A81E7D /* StorybankView.swift in Sources */,
				33B2A22A9DF6F87AA22A444A /* StorybankViewModel.swift in Sources */,
				D4BC846EA6A4FDA4401C7C61 /* SupabaseClient.swift in Sources */,
				769804D0DE5A9805163BA285 /* User.swift in Sources */,
				ADEFD9559A7199A784AA3C3B /* VideoDeconstruction.swift in Sources */,
				DD2233445566778899AA0005 /* VideoStorageService.swift in Sources */,
				DD2233445566778899AA0006 /* VideoPickerView.swift in Sources */,
				DD2233445566778899AA0007 /* VideoAttachmentSheet.swift in Sources */,
				DD2233445566778899AA0008 /* VideoPlayerView.swift in Sources */,
				BB1122334455667788990044 /* VoiceNotePlayerView.swift in Sources */,
				BB1122334455667788990033 /* VoiceNoteRecordSheet.swift in Sources */,
				38025785851FC11D5C7D7363 /* View+Riffit.swift in Sources */,
				D5E6F7A8B9C0D1E2F3A4B5C6 /* RiffitWordmark.swift in Sources */,
				DD2233445566778899AA0002 /* CameraPickerView.swift in Sources */,
				DD2233445566778899AA0003 /* ImageAttachmentSheet.swift in Sources */,
				DD2233445566778899AA0001 /* ImageStorageService.swift in Sources */,
				DD2233445566778899AA0004 /* ImageViewerView.swift in Sources */,
			);
			runOnlyForDeploymentPostprocessing = 0;
		};
		C303500748786B800EDB3F94 /* Sources */ = {
			isa = PBXSourcesBuildPhase;
			buildActionMask = 2147483647;
			files = (
				0F988D44FF442B5538405218 /* ShareViewController.swift in Sources */,
			);
			runOnlyForDeploymentPostprocessing = 0;
		};
/* End PBXSourcesBuildPhase section */

/* Begin PBXTargetDependency section */
		7EBCCB923F9873CA018F0439 /* PBXTargetDependency */ = {
			isa = PBXTargetDependency;
			target = 66B5AA5529EE20CD8AF4E388 /* Riffit */;
			targetProxy = 1E2404391E4712129C2622B3 /* PBXContainerItemProxy */;
		};
/* End PBXTargetDependency section */

/* Begin XCBuildConfiguration section */
		4A5FB9E59404FF45F36EB15B /* Release */ = {
			isa = XCBuildConfiguration;
			buildSettings = {
				GENERATE_INFOPLIST_FILE = YES;
				INFOPLIST_GENERATION_MODE = GeneratedFile;
				INFOPLIST_KEY_CFBundleDisplayName = Riffit;
				INFOPLIST_KEY_NSExtension_NSExtensionPointIdentifier = "com.apple.share-services";
				INFOPLIST_KEY_NSExtension_NSExtensionPrincipalClass = "$(PRODUCT_MODULE_NAME).ShareViewController";
				LD_RUNPATH_SEARCH_PATHS = (
					"$(inherited)",
					"@executable_path/Frameworks",
					"@executable_path/../../Frameworks",
				);
				PRODUCT_BUNDLE_IDENTIFIER = com.riffit.app.share;
				SDKROOT = iphoneos;
				TARGETED_DEVICE_FAMILY = "1,2";
			};
			name = Release;
		};
		4E4DC8669754D24F18A444C1 /* Release */ = {
			isa = XCBuildConfiguration;
			buildSettings = {
				ASSETCATALOG_COMPILER_APPICON_NAME = AppIcon;
				ASSETCATALOG_COMPILER_GLOBAL_ACCENT_COLOR_NAME = RiffitPrimary;
				CODE_SIGN_IDENTITY = "iPhone Developer";
				GENERATE_INFOPLIST_FILE = YES;
				INFOPLIST_FILE = Riffit/Info.plist;
				INFOPLIST_GENERATION_MODE = GeneratedFile;
				INFOPLIST_KEY_CFBundleDisplayName = Riffit;
				INFOPLIST_KEY_UIApplicationSceneManifest_Generation = YES;
				INFOPLIST_KEY_UILaunchStoryboardName = LaunchScreen;
				INFOPLIST_KEY_UISupportedInterfaceOrientations_iPhone = UIInterfaceOrientationPortrait;
				LD_RUNPATH_SEARCH_PATHS = (
					"$(inherited)",
					"@executable_path/Frameworks",
				);
				PRODUCT_BUNDLE_IDENTIFIER = com.riffit.app;
				SDKROOT = iphoneos;
				TARGETED_DEVICE_FAMILY = "1,2";
			};
			name = Release;
		};
		5EA34C6149E2633010EC8788 /* Release */ = {
			isa = XCBuildConfiguration;
			buildSettings = {
				ALWAYS_SEARCH_USER_PATHS = NO;
				CLANG_ANALYZER_NONNULL = YES;
				CLANG_ANALYZER_NUMBER_OBJECT_CONVERSION = YES_AGGRESSIVE;
				CLANG_CXX_LANGUAGE_STANDARD = "gnu++14";
				CLANG_CXX_LIBRARY = "libc++";
				CLANG_ENABLE_MODULES = YES;
				CLANG_ENABLE_OBJC_ARC = YES;
				CLANG_ENABLE_OBJC_WEAK = YES;
				CLANG_WARN_BLOCK_CAPTURE_AUTORELEASING = YES;
				CLANG_WARN_BOOL_CONVERSION = YES;
				CLANG_WARN_COMMA = YES;
				CLANG_WARN_CONSTANT_CONVERSION = YES;
				CLANG_WARN_DEPRECATED_OBJC_IMPLEMENTATIONS = YES;
				CLANG_WARN_DIRECT_OBJC_ISA_USAGE = YES_ERROR;
				CLANG_WARN_DOCUMENTATION_COMMENTS = YES;
				CLANG_WARN_EMPTY_BODY = YES;
				CLANG_WARN_ENUM_CONVERSION = YES;
				CLANG_WARN_INFINITE_RECURSION = YES;
				CLANG_WARN_INT_CONVERSION = YES;
				CLANG_WARN_NON_LITERAL_NULL_CONVERSION = YES;
				CLANG_WARN_OBJC_IMPLICIT_RETAIN_SELF = YES;
				CLANG_WARN_OBJC_LITERAL_CONVERSION = YES;
				CLANG_WARN_OBJC_ROOT_CLASS = YES_ERROR;
				CLANG_WARN_QUOTED_INCLUDE_IN_FRAMEWORK_HEADER = YES;
				CLANG_WARN_RANGE_LOOP_ANALYSIS = YES;
				CLANG_WARN_STRICT_PROTOTYPES = YES;
				CLANG_WARN_SUSPICIOUS_MOVE = YES;
				CLANG_WARN_UNGUARDED_AVAILABILITY = YES_AGGRESSIVE;
				CLANG_WARN_UNREACHABLE_CODE = YES;
				CLANG_WARN__DUPLICATE_METHOD_MATCH = YES;
				COPY_PHASE_STRIP = NO;
				CURRENT_PROJECT_VERSION = 1;
				DEBUG_INFORMATION_FORMAT = "dwarf-with-dsym";
				DEVELOPMENT_TEAM = "";
				ENABLE_NS_ASSERTIONS = NO;
				ENABLE_STRICT_OBJC_MSGSEND = YES;
				GCC_C_LANGUAGE_STANDARD = gnu11;
				GCC_NO_COMMON_BLOCKS = YES;
				GCC_WARN_64_TO_32_BIT_CONVERSION = YES;
				GCC_WARN_ABOUT_RETURN_TYPE = YES_ERROR;
				GCC_WARN_UNDECLARED_SELECTOR = YES;
				GCC_WARN_UNINITIALIZED_AUTOS = YES_AGGRESSIVE;
				GCC_WARN_UNUSED_FUNCTION = YES;
				GCC_WARN_UNUSED_VARIABLE = YES;
				IPHONEOS_DEPLOYMENT_TARGET = 17.0;
				MARKETING_VERSION = 1.0.0;
				MTL_ENABLE_DEBUG_INFO = NO;
				MTL_FAST_MATH = YES;
				PRODUCT_NAME = "$(TARGET_NAME)";
				SDKROOT = iphoneos;
				SWIFT_COMPILATION_MODE = wholemodule;
				SWIFT_OPTIMIZATION_LEVEL = "-O";
				SWIFT_VERSION = 5.9;
			};
			name = Release;
		};
		6D1D99A86165185D8F1B202B /* Debug */ = {
			isa = XCBuildConfiguration;
			buildSettings = {
				ASSETCATALOG_COMPILER_APPICON_NAME = AppIcon;
				ASSETCATALOG_COMPILER_GLOBAL_ACCENT_COLOR_NAME = RiffitPrimary;
				CODE_SIGN_IDENTITY = "iPhone Developer";
				GENERATE_INFOPLIST_FILE = YES;
				INFOPLIST_FILE = Riffit/Info.plist;
				INFOPLIST_GENERATION_MODE = GeneratedFile;
				INFOPLIST_KEY_CFBundleDisplayName = Riffit;
				INFOPLIST_KEY_UIApplicationSceneManifest_Generation = YES;
				INFOPLIST_KEY_UILaunchStoryboardName = LaunchScreen;
				INFOPLIST_KEY_UISupportedInterfaceOrientations_iPhone = UIInterfaceOrientationPortrait;
				LD_RUNPATH_SEARCH_PATHS = (
					"$(inherited)",
					"@executable_path/Frameworks",
				);
				PRODUCT_BUNDLE_IDENTIFIER = com.riffit.app;
				SDKROOT = iphoneos;
				TARGETED_DEVICE_FAMILY = "1,2";
			};
			name = Debug;
		};
		6D914C3F09B9E827B2471872 /* Debug */ = {
			isa = XCBuildConfiguration;
			buildSettings = {
				ALWAYS_SEARCH_USER_PATHS = NO;
				CLANG_ANALYZER_NONNULL = YES;
				CLANG_ANALYZER_NUMBER_OBJECT_CONVERSION = YES_AGGRESSIVE;
				CLANG_CXX_LANGUAGE_STANDARD = "gnu++14";
				CLANG_CXX_LIBRARY = "libc++";
				CLANG_ENABLE_MODULES = YES;
				CLANG_ENABLE_OBJC_ARC = YES;
				CLANG_ENABLE_OBJC_WEAK = YES;
				CLANG_WARN_BLOCK_CAPTURE_AUTORELEASING = YES;
				CLANG_WARN_BOOL_CONVERSION = YES;
				CLANG_WARN_COMMA = YES;
				CLANG_WARN_CONSTANT_CONVERSION = YES;
				CLANG_WARN_DEPRECATED_OBJC_IMPLEMENTATIONS = YES;
				CLANG_WARN_DIRECT_OBJC_ISA_USAGE = YES_ERROR;
				CLANG_WARN_DOCUMENTATION_COMMENTS = YES;
				CLANG_WARN_EMPTY_BODY = YES;
				CLANG_WARN_ENUM_CONVERSION = YES;
				CLANG_WARN_INFINITE_RECURSION = YES;
				CLANG_WARN_INT_CONVERSION = YES;
				CLANG_WARN_NON_LITERAL_NULL_CONVERSION = YES;
				CLANG_WARN_OBJC_IMPLICIT_RETAIN_SELF = YES;
				CLANG_WARN_OBJC_LITERAL_CONVERSION = YES;
				CLANG_WARN_OBJC_ROOT_CLASS = YES_ERROR;
				CLANG_WARN_QUOTED_INCLUDE_IN_FRAMEWORK_HEADER = YES;
				CLANG_WARN_RANGE_LOOP_ANALYSIS = YES;
				CLANG_WARN_STRICT_PROTOTYPES = YES;
				CLANG_WARN_SUSPICIOUS_MOVE = YES;
				CLANG_WARN_UNGUARDED_AVAILABILITY = YES_AGGRESSIVE;
				CLANG_WARN_UNREACHABLE_CODE = YES;
				CLANG_WARN__DUPLICATE_METHOD_MATCH = YES;
				COPY_PHASE_STRIP = NO;
				CURRENT_PROJECT_VERSION = 1;
				DEBUG_INFORMATION_FORMAT = dwarf;
				DEVELOPMENT_TEAM = "";
				ENABLE_STRICT_OBJC_MSGSEND = YES;
				ENABLE_TESTABILITY = YES;
				GCC_C_LANGUAGE_STANDARD = gnu11;
				GCC_DYNAMIC_NO_PIC = NO;
				GCC_NO_COMMON_BLOCKS = YES;
				GCC_OPTIMIZATION_LEVEL = 0;
				GCC_PREPROCESSOR_DEFINITIONS = (
					"$(inherited)",
					"DEBUG=1",
				);
				GCC_WARN_64_TO_32_BIT_CONVERSION = YES;
				GCC_WARN_ABOUT_RETURN_TYPE = YES_ERROR;
				GCC_WARN_UNDECLARED_SELECTOR = YES;
				GCC_WARN_UNINITIALIZED_AUTOS = YES_AGGRESSIVE;
				GCC_WARN_UNUSED_FUNCTION = YES;
				GCC_WARN_UNUSED_VARIABLE = YES;
				IPHONEOS_DEPLOYMENT_TARGET = 17.0;
				MARKETING_VERSION = 1.0.0;
				MTL_ENABLE_DEBUG_INFO = INCLUDE_SOURCE;
				MTL_FAST_MATH = YES;
				ONLY_ACTIVE_ARCH = YES;
				PRODUCT_NAME = "$(TARGET_NAME)";
				SDKROOT = iphoneos;
				SWIFT_ACTIVE_COMPILATION_CONDITIONS = DEBUG;
				SWIFT_OPTIMIZATION_LEVEL = "-Onone";
				SWIFT_VERSION = 5.9;
			};
			name = Debug;
		};
		A28D0FC2CDFD07B43E7480A5 /* Debug */ = {
			isa = XCBuildConfiguration;
			buildSettings = {
				GENERATE_INFOPLIST_FILE = YES;
				INFOPLIST_GENERATION_MODE = GeneratedFile;
				INFOPLIST_KEY_CFBundleDisplayName = Riffit;
				INFOPLIST_KEY_NSExtension_NSExtensionPointIdentifier = "com.apple.share-services";
				INFOPLIST_KEY_NSExtension_NSExtensionPrincipalClass = "$(PRODUCT_MODULE_NAME).ShareViewController";
				LD_RUNPATH_SEARCH_PATHS = (
					"$(inherited)",
					"@executable_path/Frameworks",
					"@executable_path/../../Frameworks",
				);
				PRODUCT_BUNDLE_IDENTIFIER = com.riffit.app.share;
				SDKROOT = iphoneos;
				TARGETED_DEVICE_FAMILY = "1,2";
			};
			name = Debug;
		};
/* End XCBuildConfiguration section */

/* Begin XCConfigurationList section */
		1A464A217C4981ECD306CF3F /* Build configuration list for PBXProject "Riffit" */ = {
			isa = XCConfigurationList;
			buildConfigurations = (
				6D914C3F09B9E827B2471872 /* Debug */,
				5EA34C6149E2633010EC8788 /* Release */,
			);
			defaultConfigurationIsVisible = 0;
			defaultConfigurationName = Debug;
		};
		28466EA7C1B3ECE886722245 /* Build configuration list for PBXNativeTarget "RiffitShare" */ = {
			isa = XCConfigurationList;
			buildConfigurations = (
				A28D0FC2CDFD07B43E7480A5 /* Debug */,
				4A5FB9E59404FF45F36EB15B /* Release */,
			);
			defaultConfigurationIsVisible = 0;
			defaultConfigurationName = Debug;
		};
		F7C7E4859E78D45AD5F0303A /* Build configuration list for PBXNativeTarget "Riffit" */ = {
			isa = XCConfigurationList;
			buildConfigurations = (
				6D1D99A86165185D8F1B202B /* Debug */,
				4E4DC8669754D24F18A444C1 /* Release */,
			);
			defaultConfigurationIsVisible = 0;
			defaultConfigurationName = Debug;
		};
/* End XCConfigurationList section */
	};
	rootObject = 5F548075DD7BC7FC0FD7E13C /* Project object */;
}
